# This file is automatically @generated by Cargo.
# It is not intended for manual editing.
version = 3

[[package]]
name = "ev3dev-lang-rust"
version = "0.12.0"
source = "registry+https://github.com/rust-lang/crates.io-index"
checksum = "fa23e3ddfd1fc7ac4c7db1c4eb5d6376a76f756261d8ab2444881ed405cbb1f7"
dependencies = [
 "ev3dev-lang-rust-derive",
 "libc",
]

[[package]]
name = "ev3dev-lang-rust-derive"
version = "0.10.0"
source = "registry+https://github.com/rust-lang/crates.io-index"
checksum = "ddd7a95543e9418e8ad0b08b6a2a47a1c33d260c97b5a056fbf8b0fdb648e9a6"
dependencies = [
 "proc-macro2",
 "quote",
 "syn",
]

[[package]]
name = "ev3dev-lang-rust-template"
version = "0.1.0"
dependencies = [
 "ev3dev-lang-rust",
]

[[package]]
name = "libc"
version = "0.2.116"
source = "registry+https://github.com/rust-lang/crates.io-index"
checksum = "565dbd88872dbe4cc8a46e527f26483c1d1f7afa6b884a3bd6cd893d4f98da74"

[[package]]
name = "proc-macro2"
version = "1.0.36"
source = "registry+https://github.com/rust-lang/crates.io-index"
checksum = "c7342d5883fbccae1cc37a2353b09c87c9b0f3afd73f5fb9bba687a1f733b029"
dependencies = [
 "unicode-xid",
]

[[package]]
name = "quote"
version = "1.0.15"
source = "registry+https://github.com/rust-lang/crates.io-index"
checksum = "864d3e96a899863136fc6e99f3d7cae289dafe43bf2c5ac19b70df7210c0a145"
dependencies = [
 "proc-macro2",
]

[[package]]
name = "syn"
version = "1.0.86"
source = "registry+https://github.com/rust-lang/crates.io-index"
checksum = "8a65b3f4ffa0092e9887669db0eae07941f023991ab58ea44da8fe8e2d511c6b"
dependencies = [
 "proc-macro2",
 "quote",
 "unicode-xid",
]

[[package]]
name = "unicode-xid"
version = "0.2.2"
source = "registry+https://github.com/rust-lang/crates.io-index"
checksum = "8ccb82d61f80a663efe1f787a51b16b5a51e3314d6ac365b08639f52387b33f3"
